Microsoft Visual Studio Solution File, Format Version 7.00
Project("{FAE04EC0-301F-11D3-BF4B-00C04F79EFBC}") = "Chapter05", "http://localhost/Chapter05/Chapter05.csproj", "{07468265-BEA0-4718-B66D-786C7E26999E}"
EndProject
Global
	GlobalSection(SolutionConfiguration) = preSolution
		ConfigName.0 = Debug
		ConfigName.1 = Release
	EndGlobalSection
	GlobalSection(ProjectDependencies) = postSolution
	EndGlobalSection
	GlobalSection(ProjectConfiguration) = postSolution
		{07468265-BEA0-4718-B66D-786C7E26999E}.Debug.ActiveCfg = Debug|.NET
		{07468265-BEA0-4718-B66D-786C7E26999E}.Debug.Build.0 = Debug|.NET
		{07468265-BEA0-4718-B66D-786C7E26999E}.Release.ActiveCfg = Release|.NET
		{07468265-BEA0-4718-B66D-786C7E26999E}.Release.Build.0 = Release|.NET
	EndGlobalSection
	GlobalSection(ExtensibilityGlobals) = postSolution
	EndGlobalSection
	GlobalSection(ExtensibilityAddIns) = postSolution
	EndGlobalSection
EndGlobal
